
Microsoft Visual Studio Solution File, Format Version 12.00
# Visual Studio 2012
Project("{FAE04EC0-301F-11D3-BF4B-00C04F79EFBC}") = "Mail-Phishing", "Mail-Phishing.csproj", "{C0B90B50-3104-4FFA-B03F-8F9C2D7ACE25}"
EndProject
Global
	GlobalSection(SolutionConfigurationPlatforms) = preSolution
		Debug|Any CPU = Debug|Any CPU
		Release|Any CPU = Release|Any CPU
	EndGlobalSection
	GlobalSection(ProjectConfigurationPlatforms) = postSolution
		{C0B90B50-3104-4FFA-B03F-8F9C2D7ACE25}.Debug|Any CPU.ActiveCfg = Debug|Any CPU
		{C0B90B50-3104-4FFA-B03F-8F9C2D7ACE25}.Debug|Any CPU.Build.0 = Debug|Any CPU
		{C0B90B50-3104-4FFA-B03F-8F9C2D7ACE25}.Release|Any CPU.ActiveCfg = Release|Any CPU
		{C0B90B50-3104-4FFA-B03F-8F9C2D7ACE25}.Release|Any CPU.Build.0 = Release|Any CPU
	EndGlobalSection
	GlobalSection(SolutionProperties) = preSolution
		HideSolutionNode = FALSE
	EndGlobalSection
EndGlobal
